<?xml version="1.0" encoding="utf-8"?>
<Project ToolsVersion="4.0" xmlns="http://schemas.microsoft.com/developer/msbuild/2003">
  <ItemGroup>
    <Filter Include="Source Files">
      <UniqueIdentifier>{4FC737F1-C7A5-4376-A066-2A32D752A2FF}</UniqueIdentifier>
      <Extensions>cpp;c;cc;cxx;c++;cppm;ixx;def;odl;idl;hpj;bat;asm;asmx</Extensions>
    </Filter>
    <Filter Include="Header Files">
      <UniqueIdentifier>{93995380-89BD-4b04-88EB-625FBE52EBFB}</UniqueIdentifier>
      <Extensions>h;hh;hpp;hxx;h++;hm;inl;inc;ipp;xsd</Extensions>
    </Filter>
    <Filter Include="Resource Files">
      <UniqueIdentifier>{67DA6AB6-F800-4c08-8B7A-83BB121AAD01}</UniqueIdentifier>
      <Extensions>rc;ico;cur;bmp;dlg;rc2;rct;bin;rgs;gif;jpg;jpeg;jpe;resx;tiff;tif;png;wav;mfcribbon-ms</Extensions>
    </Filter>
  </ItemGroup>
  <ItemGroup>
    <ClCompile Include="main.cpp">
      <Filter>Source Files</Filter>
    </ClCompile>
    <ClCompile Include="private\main\GameService.cpp">
      <Filter>Source Files</Filter>
    </ClCompile>
    <ClCompile Include="private\global\ServiceLocator.cpp">
      <Filter>Source Files</Filter>
    </ClCompile>
    <ClCompile Include="private\graphic\GraphicService.cpp">
      <Filter>Source Files</Filter>
    </ClCompile>
    <ClCompile Include="private\event\EventService.cpp">
      <Filter>Source Files</Filter>
    </ClCompile>
    <ClCompile Include="private\player\PlayerService.cpp">
      <Filter>Source Files</Filter>
    </ClCompile>
    <ClCompile Include="private\player\PlayerController.cpp">
      <Filter>Source Files</Filter>
    </ClCompile>
    <ClCompile Include="private\player\PlayerModel.cpp">
      <Filter>Source Files</Filter>
    </ClCompile>
    <ClCompile Include="private\player\PlayerView.cpp">
      <Filter>Source Files</Filter>
    </ClCompile>
    <ClCompile Include="private\time\TimeService.cpp">
      <Filter>Source Files</Filter>
    </ClCompile>
    <ClCompile Include="private\ui\UIService.cpp">
      <Filter>Source Files</Filter>
    </ClCompile>
    <ClCompile Include="private\ui\MainmenuUIController\MainmenuUIController.cpp">
      <Filter>Source Files</Filter>
    </ClCompile>
    <ClCompile Include="private\bullet\BulletService.cpp">
      <Filter>Source Files</Filter>
    </ClCompile>
    <ClCompile Include="private\enemy\controllers\SubZeroController.cpp">
      <Filter>Source Files</Filter>
    </ClCompile>
    <ClCompile Include="private\enemy\controllers\ThunderSnakeController.cpp">
      <Filter>Source Files</Filter>
    </ClCompile>
    <ClCompile Include="private\enemy\controllers\UFOController.cpp">
      <Filter>Source Files</Filter>
    </ClCompile>
    <ClCompile Include="private\enemy\controllers\ZapperController.cpp">
      <Filter>Source Files</Filter>
    </ClCompile>
    <ClCompile Include="private\enemy\EnemyController.cpp">
      <Filter>Source Files</Filter>
    </ClCompile>
    <ClCompile Include="private\enemy\EnemyModel.cpp">
      <Filter>Source Files</Filter>
    </ClCompile>
    <ClCompile Include="private\enemy\EnemyService.cpp">
      <Filter>Source Files</Filter>
    </ClCompile>
    <ClCompile Include="private\enemy\EnemyView.cpp">
      <Filter>Source Files</Filter>
    </ClCompile>
    <ClCompile Include="private\gameplay\GameplayController.cpp">
      <Filter>Source Files</Filter>
    </ClCompile>
    <ClCompile Include="private\global\Config.cpp">
      <Filter>Source Files</Filter>
    </ClCompile>
    <ClCompile Include="private\sound\SoundService.cpp">
      <Filter>Source Files</Filter>
    </ClCompile>
    <ClCompile Include="private\gameplay\GameplayService.cpp">
      <Filter>Source Files</Filter>
    </ClCompile>
    <ClCompile Include="private\gameplay\GameplayView.cpp">
      <Filter>Source Files</Filter>
    </ClCompile>
    <ClCompile Include="private\element\Bunker\BunkerController.cpp">
      <Filter>Source Files</Filter>
    </ClCompile>
    <ClCompile Include="private\element\Bunker\BunkerModel.cpp">
      <Filter>Source Files</Filter>
    </ClCompile>
    <ClCompile Include="private\element\Bunker\BunkerView.cpp">
      <Filter>Source Files</Filter>
    </ClCompile>
    <ClCompile Include="private\element\ElementService.cpp">
      <Filter>Source Files</Filter>
    </ClCompile>
    <ClCompile Include="private\bullet\BulletController.cpp">
      <Filter>Source Files</Filter>
    </ClCompile>
    <ClCompile Include="private\bullet\BulletModel.cpp">
      <Filter>Source Files</Filter>
    </ClCompile>
    <ClCompile Include="private\bullet\BulletView.cpp">
      <Filter>Source Files</Filter>
    </ClCompile>
    <ClCompile Include="private\bullet\controllers\LaserBulletController.cpp">
      <Filter>Source Files</Filter>
    </ClCompile>
    <ClCompile Include="private\bullet\controllers\TorpedoController.cpp">
      <Filter>Source Files</Filter>
    </ClCompile>
    <ClCompile Include="private\bullet\controllers\FrostBulletController.cpp">
      <Filter>Source Files</Filter>
    </ClCompile>
    <ClCompile Include="private\powerup\PowerupService.cpp">
      <Filter>Source Files</Filter>
    </ClCompile>
    <ClCompile Include="private\powerup\PowerupView.cpp">
      <Filter>Source Files</Filter>
    </ClCompile>
    <ClCompile Include="private\powerup\PowerupModel.cpp">
      <Filter>Source Files</Filter>
    </ClCompile>
    <ClCompile Include="private\powerup\PowerupController.cpp">
      <Filter>Source Files</Filter>
    </ClCompile>
    <ClCompile Include="private\powerup\controllers\OutscalBombController.cpp">
      <Filter>Source Files</Filter>
    </ClCompile>
    <ClCompile Include="private\powerup\controllers\ShieldController.cpp">
      <Filter>Source Files</Filter>
    </ClCompile>
    <ClCompile Include="private\powerup\controllers\TrippleLaser.cpp">
      <Filter>Source Files</Filter>
    </ClCompile>
    <ClCompile Include="private\powerup\controllers\RapidFire.cpp">
      <Filter>Source Files</Filter>
    </ClCompile>
    <ClCompile Include="private\ui\UIElement\UIView.cpp">
      <Filter>Source Files</Filter>
    </ClCompile>
    <ClCompile Include="private\ui\UIElement\ImageView.cpp">
      <Filter>Source Files</Filter>
    </ClCompile>
    <ClCompile Include="private\ui\UIElement\TextView.cpp">
      <Filter>Source Files</Filter>
    </ClCompile>
  </ItemGroup>
  <ItemGroup>
    <ClInclude Include="public\main\GameService.h">
      <Filter>Header Files</Filter>
    </ClInclude>
    <ClInclude Include="public\global\ServiceLocator.h">
      <Filter>Header Files</Filter>
    </ClInclude>
    <ClInclude Include="public\graphic\GraphicService.h">
      <Filter>Header Files</Filter>
    </ClInclude>
    <ClInclude Include="public\event\EventService.h">
      <Filter>Header Files</Filter>
    </ClInclude>
    <ClInclude Include="public\player\PlayerService.h">
      <Filter>Header Files</Filter>
    </ClInclude>
    <ClInclude Include="public\player\PlayerController.h">
      <Filter>Header Files</Filter>
    </ClInclude>
    <ClInclude Include="public\player\PlayerModel.h">
      <Filter>Header Files</Filter>
    </ClInclude>
    <ClInclude Include="public\player\PlayerView.h">
      <Filter>Header Files</Filter>
    </ClInclude>
    <ClInclude Include="public\time\TimeService.h">
      <Filter>Header Files</Filter>
    </ClInclude>
    <ClInclude Include="public\ui\UIService.h">
      <Filter>Header Files</Filter>
    </ClInclude>
    <ClInclude Include="public\ui\MainmenuUIController\MainmenuUIController.h">
      <Filter>Header Files</Filter>
    </ClInclude>
    <ClInclude Include="public\bullet\BulletConfig.h">
      <Filter>Header Files</Filter>
    </ClInclude>
    <ClInclude Include="public\bullet\BulletController.h">
      <Filter>Header Files</Filter>
    </ClInclude>
    <ClInclude Include="public\bullet\BulletModel.h">
      <Filter>Header Files</Filter>
    </ClInclude>
    <ClInclude Include="public\bullet\BulletService.h">
      <Filter>Header Files</Filter>
    </ClInclude>
    <ClInclude Include="public\bullet\BulletView.h">
      <Filter>Header Files</Filter>
    </ClInclude>
    <ClInclude Include="public\bullet\controllers\LaserBulletController.h">
      <Filter>Header Files</Filter>
    </ClInclude>
    <ClInclude Include="public\element\Bunker\BunkerController.h">
      <Filter>Header Files</Filter>
    </ClInclude>
    <ClInclude Include="public\element\Bunker\BunkerModel.h">
      <Filter>Header Files</Filter>
    </ClInclude>
    <ClInclude Include="public\element\Bunker\BunkerView.h">
      <Filter>Header Files</Filter>
    </ClInclude>
    <ClInclude Include="public\element\ElementService.h">
      <Filter>Header Files</Filter>
    </ClInclude>
    <ClInclude Include="public\enemy\controllers\SubZeroController.h">
      <Filter>Header Files</Filter>
    </ClInclude>
    <ClInclude Include="public\enemy\controllers\ThunderSnakeController.h">
      <Filter>Header Files</Filter>
    </ClInclude>
    <ClInclude Include="public\enemy\controllers\UFOController.h">
      <Filter>Header Files</Filter>
    </ClInclude>
    <ClInclude Include="public\enemy\controllers\ZapperController.h">
      <Filter>Header Files</Filter>
    </ClInclude>
    <ClInclude Include="public\enemy\EnemyConfig.h">
      <Filter>Header Files</Filter>
    </ClInclude>
    <ClInclude Include="public\enemy\EnemyController.h">
      <Filter>Header Files</Filter>
    </ClInclude>
    <ClInclude Include="public\enemy\EnemyModel.h">
      <Filter>Header Files</Filter>
    </ClInclude>
    <ClInclude Include="public\enemy\EnemyService.h">
      <Filter>Header Files</Filter>
    </ClInclude>
    <ClInclude Include="public\enemy\EnemyView.h">
      <Filter>Header Files</Filter>
    </ClInclude>
    <ClInclude Include="public\gameplay\GameplayController.h">
      <Filter>Header Files</Filter>
    </ClInclude>
    <ClInclude Include="public\gameplay\GameplayService.h">
      <Filter>Header Files</Filter>
    </ClInclude>
    <ClInclude Include="public\global\Config.h">
      <Filter>Header Files</Filter>
    </ClInclude>
    <ClInclude Include="public\projectile\ProjectileConfig.h">
      <Filter>Header Files</Filter>
    </ClInclude>
    <ClInclude Include="public\projectile\IProjectile.h">
      <Filter>Header Files</Filter>
    </ClInclude>
    <ClInclude Include="public\sound\SoundService.h">
      <Filter>Header Files</Filter>
    </ClInclude>
    <ClInclude Include="public\gameplay\GameplayView.h">
      <Filter>Header Files</Filter>
    </ClInclude>
    <ClInclude Include="public\bullet\controllers\TorpedoController.h">
      <Filter>Header Files</Filter>
    </ClInclude>
    <ClInclude Include="public\bullet\controllers\FrostBulletController.h">
      <Filter>Header Files</Filter>
    </ClInclude>
    <ClInclude Include="public\collectible\ICollectible.h">
      <Filter>Header Files</Filter>
    </ClInclude>
    <ClInclude Include="public\powerup\PowerupController.h">
      <Filter>Header Files</Filter>
    </ClInclude>
    <ClInclude Include="public\powerup\PowerupModel.h">
      <Filter>Header Files</Filter>
    </ClInclude>
    <ClInclude Include="public\powerup\PowerupConfig.h">
      <Filter>Header Files</Filter>
    </ClInclude>
    <ClInclude Include="public\powerup\PowerupService.h">
      <Filter>Header Files</Filter>
    </ClInclude>
    <ClInclude Include="public\powerup\PowerupView.h">
      <Filter>Header Files</Filter>
    </ClInclude>
    <ClInclude Include="public\powerup\controllers\OutscalBombController.h">
      <Filter>Header Files</Filter>
    </ClInclude>
    <ClInclude Include="public\powerup\controllers\ShieldController.h">
      <Filter>Header Files</Filter>
    </ClInclude>
    <ClInclude Include="public\powerup\controllers\TrippleLaserController.h">
      <Filter>Header Files</Filter>
    </ClInclude>
    <ClInclude Include="public\powerup\controllers\RapidFireController.h">
      <Filter>Header Files</Filter>
    </ClInclude>
    <ClInclude Include="public\ui\interface\IUIController.h">
      <Filter>Header Files</Filter>
    </ClInclude>
    <ClInclude Include="public\ui\UIElement\UIView.h">
      <Filter>Header Files</Filter>
    </ClInclude>
    <ClInclude Include="public\ui\UIElement\ImageView.h">
      <Filter>Header Files</Filter>
    </ClInclude>
    <ClInclude Include="public\ui\UIElement\TextView.h">
      <Filter>Header Files</Filter>
    </ClInclude>
  </ItemGroup>
</Project>